// !$*UTF8*$!
{
	archiveVersion = 1;
	classes = {
	};
	objectVersion = 50;
	objects = {

/* Begin PBXBuildFile section */
		8334EBD52172F75400398038 /* AppDelegate.swift in Sources */ = {isa = PBXBuildFile; fileRef = 8334EBD42172F75400398038 /* AppDelegate.swift */; };
		8334EBD72172F75400398038 /* ViewController.swift in Sources */ = {isa = PBXBuildFile; fileRef = 8334EBD62172F75400398038 /* ViewController.swift */; };
		8334EBD92172F75400398038 /* Renderer.swift in Sources */ = {isa = PBXBuildFile; fileRef = 8334EBD82172F75400398038 /* Renderer.swift */; };
		8334EBDB2172F75400398038 /* Shaders.metal in Sources */ = {isa = PBXBuildFile; fileRef = 8334EBDA2172F75400398038 /* Shaders.metal */; };
		8334EBDE2172F75600398038 /* Assets.xcassets in Resources */ = {isa = PBXBuildFile; fileRef = 8334EBDD2172F75600398038 /* Assets.xcassets */; };
		8334EBE12172F75600398038 /* Main.storyboard in Resources */ = {isa = PBXBuildFile; fileRef = 8334EBDF2172F75600398038 /* Main.storyboard */; };
		8334EBEA2172FC4500398038 /* VideoRecorder.swift in Sources */ = {isa = PBXBuildFile; fileRef = 8334EBE92172FC4500398038 /* VideoRecorder.swift */; };
/* End PBXBuildFile section */

/* Begin PBXFileReference section */
		8334EBD12172F75400398038 /* MetalOfflineRecording.app */ = {isa = PBXFileReference; explicitFileType = wrapper.application; includeInIndex = 0; path = MetalOfflineRecording.app; sourceTree = BUILT_PRODUCTS_DIR; };
		8334EBD42172F75400398038 /* AppDelegate.swift */ = {isa = PBXFileReference; lastKnownFileType = sourcecode.swift; path = AppDelegate.swift; sourceTree = "<group>"; };
		8334EBD62172F75400398038 /* ViewController.swift */ = {isa = PBXFileReference; lastKnownFileType = sourcecode.swift; path = ViewController.swift; sourceTree = "<group>"; };
		8334EBD82172F75400398038 /* Renderer.swift */ = {isa = PBXFileReference; lastKnownFileType = sourcecode.swift; path = Renderer.swift; sourceTree = "<group>"; };
		8334EBDA2172F75400398038 /* Shaders.metal */ = {isa = PBXFileReference; lastKnownFileType = sourcecode.metal; path = Shaders.metal; sourceTree = "<group>"; };
		8334EBDC2172F75400398038 /* ShaderTypes.h */ = {isa = PBXFileReference; lastKnownFileType = sourcecode.c.h; path = ShaderTypes.h; sourceTree = "<group>"; };
		8334EBDD2172F75600398038 /* Assets.xcassets */ = {isa = PBXFileReference; lastKnownFileType = folder.assetcatalog; path = Assets.xcassets; sourceTree = "<group>"; };
		8334EBE02172F75600398038 /* Base */ = {isa = PBXFileReference; lastKnownFileType = file.storyboard; name = Base; path = Base.lproj/Main.storyboard; sourceTree = "<group>"; };
		8334EBE22172F75600398038 /* Info.plist */ = {isa = PBXFileReference; lastKnownFileType = text.plist.xml; path = Info.plist; sourceTree = "<group>"; };
		8334EBE32172F75600398038 /* MetalOfflineRecording.entitlements */ = {isa = PBXFileReference; lastKnownFileType = text.plist.entitlements; path = MetalOfflineRecording.entitlements; sourceTree = "<group>"; };
		8334EBE92172FC4500398038 /* VideoRecorder.swift */ = {isa = PBXFileReference; lastKnownFileType = sourcecode.swift; path = VideoRecorder.swift; sourceTree = "<group>"; };
/* End PBXFileReference section */

/* Begin PBXFrameworksBuildPhase section */
		8334EBCE2172F75400398038 /* Frameworks */ = {
			isa = PBXFrameworksBuildPhase;
			buildActionMask = 2147483647;
			files = (
			);
			runOnlyForDeploymentPostprocessing = 0;
		};
/* End PBXFrameworksBuildPhase section */

/* Begin PBXGroup section */
		8334EBC82172F75400398038 = {
			isa = PBXGroup;
			children = (
				8334EBD32172F75400398038 /* MetalOfflineRecording */,
				8334EBD22172F75400398038 /* Products */,
			);
			sourceTree = "<group>";
		};
		8334EBD22172F75400398038 /* Products */ = {
			isa = PBXGroup;
			children = (
				8334EBD12172F75400398038 /* MetalOfflineRecording.app */,
			);
			name = Products;
			sourceTree = "<group>";
		};
		8334EBD32172F75400398038 /* MetalOfflineRecording */ = {
			isa = PBXGroup;
			children = (
				8334EBD42172F75400398038 /* AppDelegate.swift */,
				8334EBD62172F75400398038 /* ViewController.swift */,
				8334EBD82172F75400398038 /* Renderer.swift */,
				8334EBE92172FC4500398038 /* VideoRecorder.swift */,
				8334EBDA2172F75400398038 /* Shaders.metal */,
				8334EBDC2172F75400398038 /* ShaderTypes.h */,
				8334EBDD2172F75600398038 /* Assets.xcassets */,
				8334EBDF2172F75600398038 /* Main.storyboard */,
				8334EBE22172F75600398038 /* Info.plist */,
				8334EBE32172F75600398038 /* MetalOfflineRecording.entitlements */,
			);
			path = MetalOfflineRecording;
			sourceTree = "<group>";
		};
/* End PBXGroup section */

/* Begin PBXNativeTarget section */
		8334EBD02172F75400398038 /* MetalOfflineRecording */ = {
			isa = PBXNativeTarget;
			buildConfigurationList = 8334EBE62172F75600398038 /* Build configuration list for PBXNativeTarget "MetalOfflineRecording" */;
			buildPhases = (
				8334EBCD2172F75400398038 /* Sources */,
				8334EBCE2172F75400398038 /* Frameworks */,
				8334EBCF2172F75400398038 /* Resources */,
			);
			buildRules = (
			);
			dependencies = (
			);
			name = MetalOfflineRecording;
			productName = MetalOfflineRecording;
			productReference = 8334EBD12172F75400398038 /* MetalOfflineRecording.app */;
			productType = "com.apple.product-type.application";
		};
/* End PBXNativeTarget section */

/* Begin PBXProject section */
		8334EBC92172F75400398038 /* Project object */ = {
			isa = PBXProject;
			attributes = {
				LastSwiftUpdateCheck = 1000;
				LastUpgradeCheck = 1000;
				ORGANIZATIONNAME = "Warren Moore";
				TargetAttributes = {
					8334EBD02172F75400398038 = {
						CreatedOnToolsVersion = 10.0;
					};
				};
			};
			buildConfigurationList = 8334EBCC2172F75400398038 /* Build configuration list for PBXProject "MetalOfflineRecording" */;
			compatibilityVersion = "Xcode 9.3";
			developmentRegion = en;
			hasScannedForEncodings = 0;
			knownRegions = (
				en,
				Base,
			);
			mainGroup = 8334EBC82172F75400398038;
			productRefGroup = 8334EBD22172F75400398038 /* Products */;
			projectDirPath = "";
			projectRoot = "";
			targets = (
				8334EBD02172F75400398038 /* MetalOfflineRecording */,
			);
		};
/* End PBXProject section */

/* Begin PBXResourcesBuildPhase section */
		8334EBCF2172F75400398038 /* Resources */ = {
			isa = PBXResourcesBuildPhase;
			buildActionMask = 2147483647;
			files = (
				8334EBDE2172F75600398038 /* Assets.xcassets in Resources */,
				8334EBE12172F75600398038 /* Main.storyboard in Resources */,
			);
			runOnlyForDeploymentPostprocessing = 0;
		};
/* End PBXResourcesBuildPhase section */

/* Begin PBXSourcesBuildPhase section */
		8334EBCD2172F75400398038 /* Sources */ = {
			isa = PBXSourcesBuildPhase;
			buildActionMask = 2147483647;
			files = (
				8334EBDB2172F75400398038 /* Shaders.metal in Sources */,
				8334EBD72172F75400398038 /* ViewController.swift in Sources */,
				8334EBEA2172FC4500398038 /* VideoRecorder.swift in Sources */,
				8334EBD92172F75400398038 /* Renderer.swift in Sources */,
				8334EBD52172F75400398038 /* AppDelegate.swift in Sources */,
			);
			runOnlyForDeploymentPostprocessing = 0;
		};
/* End PBXSourcesBuildPhase section */

/* Begin PBXVariantGroup section */
		8334EBDF2172F75600398038 /* Main.storyboard */ = {
			isa = PBXVariantGroup;
			children = (
				8334EBE02172F75600398038 /* Base */,
			);
			name = Main.storyboard;
			sourceTree = "<group>";
		};
/* End PBXVariantGroup section */

/* Begin XCBuildConfiguration section */
		8334EBE42172F75600398038 /* Debug */ = {
			isa = XCBuildConfiguration;
			buildSettings = {
				ALWAYS_SEARCH_USER_PATHS = NO;
				CLANG_ANALYZER_NONNULL = YES;
				CLANG_ANALYZER_NUMBER_OBJECT_CONVERSION = YES_AGGRESSIVE;
				CLANG_CXX_LANGUAGE_STANDARD = "gnu++14";
				CLANG_CXX_LIBRARY = "libc++";
				CLANG_ENABLE_MODULES = YES;
				CLANG_ENABLE_OBJC_ARC = YES;
				CLANG_ENABLE_OBJC_WEAK = YES;
				CLANG_WARN_BLOCK_CAPTURE_AUTORELEASING = YES;
				CLANG_WARN_BOOL_CONVERSION = YES;
				CLANG_WARN_COMMA = YES;
				CLANG_WARN_CONSTANT_CONVERSION = YES;
				CLANG_WARN_DEPRECATED_OBJC_IMPLEMENTATIONS = YES;
				CLANG_WARN_DIRECT_OBJC_ISA_USAGE = YES_ERROR;
				CLANG_WARN_DOCUMENTATION_COMMENTS = YES;
				CLANG_WARN_EMPTY_BODY = YES;
				CLANG_WARN_ENUM_CONVERSION = YES;
				CLANG_WARN_INFINITE_RECURSION = YES;
				CLANG_WARN_INT_CONVERSION = YES;
				CLANG_WARN_NON_LITERAL_NULL_CONVERSION = YES;
				CLANG_WARN_OBJC_IMPLICIT_RETAIN_SELF = YES;
				CLANG_WARN_OBJC_LITERAL_CONVERSION = YES;
				CLANG_WARN_OBJC_ROOT_CLASS = YES_ERROR;
				CLANG_WARN_RANGE_LOOP_ANALYSIS = YES;
				CLANG_WARN_STRICT_PROTOTYPES = YES;
				CLANG_WARN_SUSPICIOUS_MOVE = YES;
				CLANG_WARN_UNGUARDED_AVAILABILITY = YES_AGGRESSIVE;
				CLANG_WARN_UNREACHABLE_CODE = YES;
				CLANG_WARN__DUPLICATE_METHOD_MATCH = YES;
				CODE_SIGN_IDENTITY = "Mac Developer";
				COPY_PHASE_STRIP = NO;
				DEBUG_INFORMATION_FORMAT = dwarf;
				ENABLE_STRICT_OBJC_MSGSEND = YES;
				ENABLE_TESTABILITY = YES;
				GCC_C_LANGUAGE_STANDARD = gnu11;
				GCC_DYNAMIC_NO_PIC = NO;
				GCC_NO_COMMON_BLOCKS = YES;
				GCC_OPTIMIZATION_LEVEL = 0;
				GCC_PREPROCESSOR_DEFINITIONS = (
					"DEBUG=1",
					"$(inherited)",
				);
				GCC_WARN_64_TO_32_BIT_CONVERSION = YES;
				GCC_WARN_ABOUT_RETURN_TYPE = YES_ERROR;
				GCC_WARN_UNDECLARED_SELECTOR = YES;
				GCC_WARN_UNINITIALIZED_AUTOS = YES_AGGRESSIVE;
				GCC_WARN_UNUSED_FUNCTION = YES;
				GCC_WARN_UNUSED_VARIABLE = YES;
				MACOSX_DEPLOYMENT_TARGET = 10.14;
				MTL_ENABLE_DEBUG_INFO = INCLUDE_SOURCE;
				MTL_FAST_MATH = YES;
				ONLY_ACTIVE_ARCH = YES;
				SDKROOT = macosx;
				SWIFT_ACTIVE_COMPILATION_CONDITIONS = DEBUG;
				SWIFT_OPTIMIZATION_LEVEL = "-Onone";
			};
			name = Debug;
		};
		8334EBE52172F75600398038 /* Release */ = {
			isa = XCBuildConfiguration;
			buildSettings = {
				ALWAYS_SEARCH_USER_PATHS = NO;
				CLANG_ANALYZER_NONNULL = YES;
				CLANG_ANALYZER_NUMBER_OBJECT_CONVERSION = YES_AGGRESSIVE;
				CLANG_CXX_LANGUAGE_STANDARD = "gnu++14";
				CLANG_CXX_LIBRARY = "libc++";
				CLANG_ENABLE_MODULES = YES;
				CLANG_ENABLE_OBJC_ARC = YES;
				CLANG_ENABLE_OBJC_WEAK = YES;
				CLANG_WARN_BLOCK_CAPTURE_AUTORELEASING = YES;
				CLANG_WARN_BOOL_CONVERSION = YES;
				CLANG_WARN_COMMA = YES;
				CLANG_WARN_CONSTANT_CONVERSION = YES;
				CLANG_WARN_DEPRECATED_OBJC_IMPLEMENTATIONS = YES;
				CLANG_WARN_DIRECT_OBJC_ISA_USAGE = YES_ERROR;
				CLANG_WARN_DOCUMENTATION_COMMENTS = YES;
				CLANG_WARN_EMPTY_BODY = YES;
				CLANG_WARN_ENUM_CONVERSION = YES;
				CLANG_WARN_INFINITE_RECURSION = YES;
				CLANG_WARN_INT_CONVERSION = YES;
				CLANG_WARN_NON_LITERAL_NULL_CONVERSION = YES;
				CLANG_WARN_OBJC_IMPLICIT_RETAIN_SELF = YES;
				CLANG_WARN_OBJC_LITERAL_CONVERSION = YES;
				CLANG_WARN_OBJC_ROOT_CLASS = YES_ERROR;
				CLANG_WARN_RANGE_LOOP_ANALYSIS = YES;
				CLANG_WARN_STRICT_PROTOTYPES = YES;
				CLANG_WARN_SUSPICIOUS_MOVE = YES;
				CLANG_WARN_UNGUARDED_AVAILABILITY = YES_AGGRESSIVE;
				CLANG_WARN_UNREACHABLE_CODE = YES;
				CLANG_WARN__DUPLICATE_METHOD_MATCH = YES;
				CODE_SIGN_IDENTITY = "Mac Developer";
				COPY_PHASE_STRIP = NO;
				DEBUG_INFORMATION_FORMAT = "dwarf-with-dsym";
				ENABLE_NS_ASSERTIONS = NO;
				ENABLE_STRICT_OBJC_MSGSEND = YES;
				GCC_C_LANGUAGE_STANDARD = gnu11;
				GCC_NO_COMMON_BLOCKS = YES;
				GCC_WARN_64_TO_32_BIT_CONVERSION = YES;
				GCC_WARN_ABOUT_RETURN_TYPE = YES_ERROR;
				GCC_WARN_UNDECLARED_SELECTOR = YES;
				GCC_WARN_UNINITIALIZED_AUTOS = YES_AGGRESSIVE;
				GCC_WARN_UNUSED_FUNCTION = YES;
				GCC_WARN_UNUSED_VARIABLE = YES;
				MACOSX_DEPLOYMENT_TARGET = 10.14;
				MTL_ENABLE_DEBUG_INFO = NO;
				MTL_FAST_MATH = YES;
				SDKROOT = macosx;
				SWIFT_COMPILATION_MODE = wholemodule;
				SWIFT_OPTIMIZATION_LEVEL = "-O";
			};
			name = Release;
		};
		8334EBE72172F75600398038 /* Debug */ = {
			isa = XCBuildConfiguration;
			buildSettings = {
				ASSETCATALOG_COMPILER_APPICON_NAME = AppIcon;
				CODE_SIGN_ENTITLEMENTS = MetalOfflineRecording/MetalOfflineRecording.entitlements;
				CODE_SIGN_STYLE = Automatic;
				COMBINE_HIDPI_IMAGES = YES;
				DEVELOPMENT_TEAM = 5XU8G72NQS;
				INFOPLIST_FILE = MetalOfflineRecording/Info.plist;
				LD_RUNPATH_SEARCH_PATHS = (
					"$(inherited)",
					"@executable_path/../Frameworks",
				);
				PRODUCT_BUNDLE_IDENTIFIER = com.metalbyexample.MetalOfflineRecording;
				PRODUCT_NAME = "$(TARGET_NAME)";
				SWIFT_OBJC_BRIDGING_HEADER = MetalOfflineRecording/ShaderTypes.h;
				SWIFT_VERSION = 4.2;
			};
			name = Debug;
		};
		8334EBE82172F75600398038 /* Release */ = {
			isa = XCBuildConfiguration;
			buildSettings = {
				ASSETCATALOG_COMPILER_APPICON_NAME = AppIcon;
				CODE_SIGN_ENTITLEMENTS = MetalOfflineRecording/MetalOfflineRecording.entitlements;
				CODE_SIGN_STYLE = Automatic;
				COMBINE_HIDPI_IMAGES = YES;
				DEVELOPMENT_TEAM = 5XU8G72NQS;
				INFOPLIST_FILE = MetalOfflineRecording/Info.plist;
				LD_RUNPATH_SEARCH_PATHS = (
					"$(inherited)",
					"@executable_path/../Frameworks",
				);
				PRODUCT_BUNDLE_IDENTIFIER = com.metalbyexample.MetalOfflineRecording;
				PRODUCT_NAME = "$(TARGET_NAME)";
				SWIFT_OBJC_BRIDGING_HEADER = MetalOfflineRecording/ShaderTypes.h;
				SWIFT_VERSION = 4.2;
			};
			name = Release;
		};
/* End XCBuildConfiguration section */

/* Begin XCConfigurationList section */
		8334EBCC2172F75400398038 /* Build configuration list for PBXProject "MetalOfflineRecording" */ = {
			isa = XCConfigurationList;
			buildConfigurations = (
				8334EBE42172F75600398038 /* Debug */,
				8334EBE52172F75600398038 /* Release */,
			);
			defaultConfigurationIsVisible = 0;
			defaultConfigurationName = Release;
		};
		8334EBE62172F75600398038 /* Build configuration list for PBXNativeTarget "MetalOfflineRecording" */ = {
			isa = XCConfigurationList;
			buildConfigurations = (
				8334EBE72172F75600398038 /* Debug */,
				8334EBE82172F75600398038 /* Release */,
			);
			defaultConfigurationIsVisible = 0;
			defaultConfigurationName = Release;
		};
/* End XCConfigurationList section */
	};
	rootObject = 8334EBC92172F75400398038 /* Project object */;
}
